
Microsoft Visual Studio Solution File, Format Version 12.00
# Visual Studio 2012
Project("{002A2DE9-8BB6-484D-9802-7E4AD4084715}") = "ConsoleApp1", "ConsoleApp1\ConsoleApp1.visualdproj", "{B4500D5C-F3F0-4DB2-B55D-D27E18D3640D}"
EndProject
Global
	GlobalSection(SolutionConfigurationPlatforms) = preSolution
		Debug|Win32 = Debug|Win32
		Release|Win32 = Release|Win32
	EndGlobalSection
	GlobalSection(ProjectConfigurationPlatforms) = postSolution
		{B4500D5C-F3F0-4DB2-B55D-D27E18D3640D}.Debug|Win32.ActiveCfg = Debug|Win32
		{B4500D5C-F3F0-4DB2-B55D-D27E18D3640D}.Debug|Win32.Build.0 = Debug|Win32
		{B4500D5C-F3F0-4DB2-B55D-D27E18D3640D}.Release|Win32.ActiveCfg = Release|Win32
		{B4500D5C-F3F0-4DB2-B55D-D27E18D3640D}.Release|Win32.Build.0 = Release|Win32
	EndGlobalSection
	GlobalSection(SolutionProperties) = preSolution
		HideSolutionNode = FALSE
	EndGlobalSection
EndGlobal
